
Microsoft Visual Studio Solution File, Format Version 12.00
# Visual Studio Version 17
VisualStudioVersion = 17.4.33205.214
MinimumVisualStudioVersion = 10.0.40219.1
Project("{9A19103F-16F7-4668-BE54-9A1E7A4F7556}") = "ProjetoFinalBaza", "ProjetoFinalBaza.csproj", "{8A1195C6-D6B0-4FB8-919F-818892AB5B48}"
EndProject
Global
	GlobalSection(SolutionConfigurationPlatforms) = preSolution
		Debug|Any CPU = Debug|Any CPU
		Release|Any CPU = Release|Any CPU
	EndGlobalSection
	GlobalSection(ProjectConfigurationPlatforms) = postSolution
		{8A1195C6-D6B0-4FB8-919F-818892AB5B48}.Debug|Any CPU.ActiveCfg = Debug|Any CPU
		{8A1195C6-D6B0-4FB8-919F-818892AB5B48}.Debug|Any CPU.Build.0 = Debug|Any CPU
		{8A1195C6-D6B0-4FB8-919F-818892AB5B48}.Release|Any CPU.ActiveCfg = Release|Any CPU
		{8A1195C6-D6B0-4FB8-919F-818892AB5B48}.Release|Any CPU.Build.0 = Release|Any CPU
	EndGlobalSection
	GlobalSection(SolutionProperties) = preSolution
		HideSolutionNode = FALSE
	EndGlobalSection
	GlobalSection(ExtensibilityGlobals) = postSolution
		SolutionGuid = {20D62B15-0D05-4C49-8BA9-585FAA339322}
	EndGlobalSection
EndGlobal
